
Microsoft Visual Studio Solution File, Format Version 12.00
# Visual Studio Version 16
VisualStudioVersion = 16.0.31005.135
MinimumVisualStudioVersion = 10.0.40219.1
Project("{FAE04EC0-301F-11D3-BF4B-00C04F79EFBC}") = "Av3C20Ex09", "Av3C20Ex09.csproj", "{BFEBEE32-DA0B-4050-8338-E2C5698A6649}"
EndProject
Global
	GlobalSection(SolutionConfigurationPlatforms) = preSolution
		Debug|Any CPU = Debug|Any CPU
		Release|Any CPU = Release|Any CPU
	EndGlobalSection
	GlobalSection(ProjectConfigurationPlatforms) = postSolution
		{BFEBEE32-DA0B-4050-8338-E2C5698A6649}.Debug|Any CPU.ActiveCfg = Debug|Any CPU
		{BFEBEE32-DA0B-4050-8338-E2C5698A6649}.Debug|Any CPU.Build.0 = Debug|Any CPU
		{BFEBEE32-DA0B-4050-8338-E2C5698A6649}.Release|Any CPU.ActiveCfg = Release|Any CPU
		{BFEBEE32-DA0B-4050-8338-E2C5698A6649}.Release|Any CPU.Build.0 = Release|Any CPU
	EndGlobalSection
	GlobalSection(SolutionProperties) = preSolution
		HideSolutionNode = FALSE
	EndGlobalSection
	GlobalSection(ExtensibilityGlobals) = postSolution
		SolutionGuid = {AF5A22E3-A2A5-4910-A696-0465267B6E62}
	EndGlobalSection
EndGlobal
